// !$*UTF8*$!
{
	archiveVersion = 1;
	classes = {
	};
	objectVersion = 46;
	objects = {

/* Begin PBXBuildFile section */
		D65C45D71BA3318D00898B52 /* main.m in Sources */ = {isa = PBXBuildFile; fileRef = D65C45D61BA3318D00898B52 /* main.m */; };
		D65C45DA1BA3318D00898B52 /* AppDelegate.m in Sources */ = {isa = PBXBuildFile; fileRef = D65C45D91BA3318D00898B52 /* AppDelegate.m */; };
		D65C45DD1BA3318D00898B52 /* ViewController.m in Sources */ = {isa = PBXBuildFile; fileRef = D65C45DC1BA3318D00898B52 /* ViewController.m */; };
		D65C45E01BA3318D00898B52 /* Main.storyboard in Resources */ = {isa = PBXBuildFile; fileRef = D65C45DE1BA3318D00898B52 /* Main.storyboard */; };
		D65C45E21BA3318D00898B52 /* Images.xcassets in Resources */ = {isa = PBXBuildFile; fileRef = D65C45E11BA3318D00898B52 /* Images.xcassets */; };
		D65C45E51BA3318D00898B52 /* LaunchScreen.xib in Resources */ = {isa = PBXBuildFile; fileRef = D65C45E31BA3318D00898B52 /* LaunchScreen.xib */; };
		D65C45F11BA3318D00898B52 /* QQMusicTests.m in Sources */ = {isa = PBXBuildFile; fileRef = D65C45F01BA3318D00898B52 /* QQMusicTests.m */; };
/* End PBXBuildFile section */

/* Begin PBXContainerItemProxy section */
		D65C45EB1BA3318D00898B52 /* PBXContainerItemProxy */ = {
			isa = PBXContainerItemProxy;
			containerPortal = D65C45C91BA3318D00898B52 /* Project object */;
			proxyType = 1;
			remoteGlobalIDString = D65C45D01BA3318D00898B52;
			remoteInfo = QQMusic;
		};
/* End PBXContainerItemProxy section */

/* Begin PBXFileReference section */
		D65C45D11BA3318D00898B52 /* QQMusic.app */ = {isa = PBXFileReference; explicitFileType = wrapper.application; includeInIndex = 0; path = QQMusic.app; sourceTree = BUILT_PRODUCTS_DIR; };
		D65C45D51BA3318D00898B52 /* Info.plist */ = {isa = PBXFileReference; lastKnownFileType = text.plist.xml; path = Info.plist; sourceTree = "<group>"; };
		D65C45D61BA3318D00898B52 /* main.m */ = {isa = PBXFileReference; lastKnownFileType = sourcecode.c.objc; path = main.m; sourceTree = "<group>"; };
		D65C45D81BA3318D00898B52 /* AppDelegate.h */ = {isa = PBXFileReference; lastKnownFileType = sourcecode.c.h; path = AppDelegate.h; sourceTree = "<group>"; };
		D65C45D91BA3318D00898B52 /* AppDelegate.m */ = {isa = PBXFileReference; lastKnownFileType = sourcecode.c.objc; path = AppDelegate.m; sourceTree = "<group>"; };
		D65C45DB1BA3318D00898B52 /* ViewController.h */ = {isa = PBXFileReference; lastKnownFileType = sourcecode.c.h; path = ViewController.h; sourceTree = "<group>"; };
		D65C45DC1BA3318D00898B52 /* ViewController.m */ = {isa = PBXFileReference; lastKnownFileType = sourcecode.c.objc; path = ViewController.m; sourceTree = "<group>"; };
		D65C45DF1BA3318D00898B52 /* Base */ = {isa = PBXFileReference; lastKnownFileType = file.storyboard; name = Base; path = Base.lproj/Main.storyboard; sourceTree = "<group>"; };
		D65C45E11BA3318D00898B52 /* Images.xcassets */ = {isa = PBXFileReference; lastKnownFileType = folder.assetcatalog; path = Images.xcassets; sourceTree = "<group>"; };
		D65C45E41BA3318D00898B52 /* Base */ = {isa = PBXFileReference; lastKnownFileType = file.xib; name = Base; path = Base.lproj/LaunchScreen.xib; sourceTree = "<group>"; };
		D65C45EA1BA3318D00898B52 /* QQMusicTests.xctest */ = {isa = PBXFileReference; explicitFileType = wrapper.cfbundle; includeInIndex = 0; path = QQMusicTests.xctest; sourceTree = BUILT_PRODUCTS_DIR; };
		D65C45EF1BA3318D00898B52 /* Info.plist */ = {isa = PBXFileReference; lastKnownFileType = text.plist.xml; path = Info.plist; sourceTree = "<group>"; };
		D65C45F01BA3318D00898B52 /* QQMusicTests.m */ = {isa = PBXFileReference; lastKnownFileType = sourcecode.c.objc; path = QQMusicTests.m; sourceTree = "<group>"; };
/* End PBXFileReference section */

/* Begin PBXFrameworksBuildPhase section */
		D65C45CE1BA3318D00898B52 /* Frameworks */ = {
			isa = PBXFrameworksBuildPhase;
			buildActionMask = 2147483647;
			files = (
			);
			runOnlyForDeploymentPostprocessing = 0;
		};
		D65C45E71BA3318D00898B52 /* Frameworks */ = {
			isa = PBXFrameworksBuildPhase;
			buildActionMask = 2147483647;
			files = (
			);
			runOnlyForDeploymentPostprocessing = 0;
		};
/* End PBXFrameworksBuildPhase section */

/* Begin PBXGroup section */
		D65C45C81BA3318D00898B52 = {
			isa = PBXGroup;
			children = (
				D65C45D31BA3318D00898B52 /* QQMusic */,
				D65C45ED1BA3318D00898B52 /* QQMusicTests */,
				D65C45D21BA3318D00898B52 /* Products */,
			);
			sourceTree = "<group>";
		};
		D65C45D21BA3318D00898B52 /* Products */ = {
			isa = PBXGroup;
			children = (
				D65C45D11BA3318D00898B52 /* QQMusic.app */,
				D65C45EA1BA3318D00898B52 /* QQMusicTests.xctest */,
			);
			name = Products;
			sourceTree = "<group>";
		};
		D65C45D31BA3318D00898B52 /* QQMusic */ = {
			isa = PBXGroup;
			children = (
				D65C45D81BA3318D00898B52 /* AppDelegate.h */,
				D65C45D91BA3318D00898B52 /* AppDelegate.m */,
				D65C45DB1BA3318D00898B52 /* ViewController.h */,
				D65C45DC1BA3318D00898B52 /* ViewController.m */,
				D65C45DE1BA3318D00898B52 /* Main.storyboard */,
				D65C45E11BA3318D00898B52 /* Images.xcassets */,
				D65C45E31BA3318D00898B52 /* LaunchScreen.xib */,
				D65C45D41BA3318D00898B52 /* Supporting Files */,
			);
			path = QQMusic;
			sourceTree = "<group>";
		};
		D65C45D41BA3318D00898B52 /* Supporting Files */ = {
			isa = PBXGroup;
			children = (
				D65C45D51BA3318D00898B52 /* Info.plist */,
				D65C45D61BA3318D00898B52 /* main.m */,
			);
			name = "Supporting Files";
			sourceTree = "<group>";
		};
		D65C45ED1BA3318D00898B52 /* QQMusicTests */ = {
			isa = PBXGroup;
			children = (
				D65C45F01BA3318D00898B52 /* QQMusicTests.m */,
				D65C45EE1BA3318D00898B52 /* Supporting Files */,
			);
			path = QQMusicTests;
			sourceTree = "<group>";
		};
		D65C45EE1BA3318D00898B52 /* Supporting Files */ = {
			isa = PBXGroup;
			children = (
				D65C45EF1BA3318D00898B52 /* Info.plist */,
			);
			name = "Supporting Files";
			sourceTree = "<group>";
		};
/* End PBXGroup section */

/* Begin PBXNativeTarget section */
		D65C45D01BA3318D00898B52 /* QQMusic */ = {
			isa = PBXNativeTarget;
			buildConfigurationList = D65C45F41BA3318D00898B52 /* Build configuration list for PBXNativeTarget "QQMusic" */;
			buildPhases = (
				D65C45CD1BA3318D00898B52 /* Sources */,
				D65C45CE1BA3318D00898B52 /* Frameworks */,
				D65C45CF1BA3318D00898B52 /* Resources */,
			);
			buildRules = (
			);
			dependencies = (
			);
			name = QQMusic;
			productName = QQMusic;
			productReference = D65C45D11BA3318D00898B52 /* QQMusic.app */;
			productType = "com.apple.product-type.application";
		};
		D65C45E91BA3318D00898B52 /* QQMusicTests */ = {
			isa = PBXNativeTarget;
			buildConfigurationList = D65C45F71BA3318D00898B52 /* Build configuration list for PBXNativeTarget "QQMusicTests" */;
			buildPhases = (
				D65C45E61BA3318D00898B52 /* Sources */,
				D65C45E71BA3318D00898B52 /* Frameworks */,
				D65C45E81BA3318D00898B52 /* Resources */,
			);
			buildRules = (
			);
			dependencies = (
				D65C45EC1BA3318D00898B52 /* PBXTargetDependency */,
			);
			name = QQMusicTests;
			productName = QQMusicTests;
			productReference = D65C45EA1BA3318D00898B52 /* QQMusicTests.xctest */;
			productType = "com.apple.product-type.bundle.unit-test";
		};
/* End PBXNativeTarget section */

/* Begin PBXProject section */
		D65C45C91BA3318D00898B52 /* Project object */ = {
			isa = PBXProject;
			attributes = {
				LastUpgradeCheck = 0640;
				ORGANIZATIONNAME = "刘嘉欣";
				TargetAttributes = {
					D65C45D01BA3318D00898B52 = {
						CreatedOnToolsVersion = 6.4;
					};
					D65C45E91BA3318D00898B52 = {
						CreatedOnToolsVersion = 6.4;
						TestTargetID = D65C45D01BA3318D00898B52;
					};
				};
			};
			buildConfigurationList = D65C45CC1BA3318D00898B52 /* Build configuration list for PBXProject "QQMusic" */;
			compatibilityVersion = "Xcode 3.2";
			developmentRegion = English;
			hasScannedForEncodings = 0;
			knownRegions = (
				en,
				Base,
			);
			mainGroup = D65C45C81BA3318D00898B52;
			productRefGroup = D65C45D21BA3318D00898B52 /* Products */;
			projectDirPath = "";
			projectRoot = "";
			targets = (
				D65C45D01BA3318D00898B52 /* QQMusic */,
				D65C45E91BA3318D00898B52 /* QQMusicTests */,
			);
		};
/* End PBXProject section */

/* Begin PBXResourcesBuildPhase section */
		D65C45CF1BA3318D00898B52 /* Resources */ = {
			isa = PBXResourcesBuildPhase;
			buildActionMask = 2147483647;
			files = (
				D65C45E01BA3318D00898B52 /* Main.storyboard in Resources */,
				D65C45E51BA3318D00898B52 /* LaunchScreen.xib in Resources */,
				D65C45E21BA3318D00898B52 /* Images.xcassets in Resources */,
			);
			runOnlyForDeploymentPostprocessing = 0;
		};
		D65C45E81BA3318D00898B52 /* Resources */ = {
			isa = PBXResourcesBuildPhase;
			buildActionMask = 2147483647;
			files = (
			);
			runOnlyForDeploymentPostprocessing = 0;
		};
/* End PBXResourcesBuildPhase section */

/* Begin PBXSourcesBuildPhase section */
		D65C45CD1BA3318D00898B52 /* Sources */ = {
			isa = PBXSourcesBuildPhase;
			buildActionMask = 2147483647;
			files = (
				D65C45DD1BA3318D00898B52 /* ViewController.m in Sources */,
				D65C45DA1BA3318D00898B52 /* AppDelegate.m in Sources */,
				D65C45D71BA3318D00898B52 /* main.m in Sources */,
			);
			runOnlyForDeploymentPostprocessing = 0;
		};
		D65C45E61BA3318D00898B52 /* Sources */ = {
			isa = PBXSourcesBuildPhase;
			buildActionMask = 2147483647;
			files = (
				D65C45F11BA3318D00898B52 /* QQMusicTests.m in Sources */,
			);
			runOnlyForDeploymentPostprocessing = 0;
		};
/* End PBXSourcesBuildPhase section */

/* Begin PBXTargetDependency section */
		D65C45EC1BA3318D00898B52 /* PBXTargetDependency */ = {
			isa = PBXTargetDependency;
			target = D65C45D01BA3318D00898B52 /* QQMusic */;
			targetProxy = D65C45EB1BA3318D00898B52 /* PBXContainerItemProxy */;
		};
/* End PBXTargetDependency section */

/* Begin PBXVariantGroup section */
		D65C45DE1BA3318D00898B52 /* Main.storyboard */ = {
			isa = PBXVariantGroup;
			children = (
				D65C45DF1BA3318D00898B52 /* Base */,
			);
			name = Main.storyboard;
			sourceTree = "<group>";
		};
		D65C45E31BA3318D00898B52 /* LaunchScreen.xib */ = {
			isa = PBXVariantGroup;
			children = (
				D65C45E41BA3318D00898B52 /* Base */,
			);
			name = LaunchScreen.xib;
			sourceTree = "<group>";
		};
/* End PBXVariantGroup section */

/* Begin XCBuildConfiguration section */
		D65C45F21BA3318D00898B52 /* Debug */ = {
			isa = XCBuildConfiguration;
			buildSettings = {
				ALWAYS_SEARCH_USER_PATHS = NO;
				CLANG_CXX_LANGUAGE_STANDARD = "gnu++0x";
				CLANG_CXX_LIBRARY = "libc++";
				CLANG_ENABLE_MODULES = YES;
				CLANG_ENABLE_OBJC_ARC = YES;
				CLANG_WARN_BOOL_CONVERSION = YES;
				CLANG_WARN_CONSTANT_CONVERSION = YES;
				CLANG_WARN_DIRECT_OBJC_ISA_USAGE = YES_ERROR;
				CLANG_WARN_EMPTY_BODY = YES;
				CLANG_WARN_ENUM_CONVERSION = YES;
				CLANG_WARN_INT_CONVERSION = YES;
				CLANG_WARN_OBJC_ROOT_CLASS = YES_ERROR;
				CLANG_WARN_UNREACHABLE_CODE = YES;
				CLANG_WARN__DUPLICATE_METHOD_MATCH = YES;
				"CODE_SIGN_IDENTITY[sdk=iphoneos*]" = "iPhone Developer";
				COPY_PHASE_STRIP = NO;
				DEBUG_INFORMATION_FORMAT = "dwarf-with-dsym";
				ENABLE_STRICT_OBJC_MSGSEND = YES;
				GCC_C_LANGUAGE_STANDARD = gnu99;
				GCC_DYNAMIC_NO_PIC = NO;
				GCC_NO_COMMON_BLOCKS = YES;
				GCC_OPTIMIZATION_LEVEL = 0;
				GCC_PREPROCESSOR_DEFINITIONS = (
					"DEBUG=1",
					"$(inherited)",
				);
				GCC_SYMBOLS_PRIVATE_EXTERN = NO;
				GCC_WARN_64_TO_32_BIT_CONVERSION = YES;
				GCC_WARN_ABOUT_RETURN_TYPE = YES_ERROR;
				GCC_WARN_UNDECLARED_SELECTOR = YES;
				GCC_WARN_UNINITIALIZED_AUTOS = YES_AGGRESSIVE;
				GCC_WARN_UNUSED_FUNCTION = YES;
				GCC_WARN_UNUSED_VARIABLE = YES;
				IPHONEOS_DEPLOYMENT_TARGET = 8.4;
				MTL_ENABLE_DEBUG_INFO = YES;
				ONLY_ACTIVE_ARCH = YES;
				SDKROOT = iphoneos;
			};
			name = Debug;
		};
		D65C45F31BA3318D00898B52 /* Release */ = {
			isa = XCBuildConfiguration;
			buildSettings = {
				ALWAYS_SEARCH_USER_PATHS = NO;
				CLANG_CXX_LANGUAGE_STANDARD = "gnu++0x";
				CLANG_CXX_LIBRARY = "libc++";
				CLANG_ENABLE_MODULES = YES;
				CLANG_ENABLE_OBJC_ARC = YES;
				CLANG_WARN_BOOL_CONVERSION = YES;
				CLANG_WARN_CONSTANT_CONVERSION = YES;
				CLANG_WARN_DIRECT_OBJC_ISA_USAGE = YES_ERROR;
				CLANG_WARN_EMPTY_BODY = YES;
				CLANG_WARN_ENUM_CONVERSION = YES;
				CLANG_WARN_INT_CONVERSION = YES;
				CLANG_WARN_OBJC_ROOT_CLASS = YES_ERROR;
				CLANG_WARN_UNREACHABLE_CODE = YES;
				CLANG_WARN__DUPLICATE_METHOD_MATCH = YES;
				"CODE_SIGN_IDENTITY[sdk=iphoneos*]" = "iPhone Developer";
				COPY_PHASE_STRIP = NO;
				DEBUG_INFORMATION_FORMAT = "dwarf-with-dsym";
				ENABLE_NS_ASSERTIONS = NO;
				ENABLE_STRICT_OBJC_MSGSEND = YES;
				GCC_C_LANGUAGE_STANDARD = gnu99;
				GCC_NO_COMMON_BLOCKS = YES;
				GCC_WARN_64_TO_32_BIT_CONVERSION = YES;
				GCC_WARN_ABOUT_RETURN_TYPE = YES_ERROR;
				GCC_WARN_UNDECLARED_SELECTOR = YES;
				GCC_WARN_UNINITIALIZED_AUTOS = YES_AGGRESSIVE;
				GCC_WARN_UNUSED_FUNCTION = YES;
				GCC_WARN_UNUSED_VARIABLE = YES;
				IPHONEOS_DEPLOYMENT_TARGET = 8.4;
				MTL_ENABLE_DEBUG_INFO = NO;
				SDKROOT = iphoneos;
				VALIDATE_PRODUCT = YES;
			};
			name = Release;
		};
		D65C45F51BA3318D00898B52 /* Debug */ = {
			isa = XCBuildConfiguration;
			buildSettings = {
				ASSETCATALOG_COMPILER_APPICON_NAME = AppIcon;
				INFOPLIST_FILE = QQMusic/Info.plist;
				LD_RUNPATH_SEARCH_PATHS = "$(inherited) @executable_path/Frameworks";
				PRODUCT_NAME = "$(TARGET_NAME)";
			};
			name = Debug;
		};
		D65C45F61BA3318D00898B52 /* Release */ = {
			isa = XCBuildConfiguration;
			buildSettings = {
				ASSETCATALOG_COMPILER_APPICON_NAME = AppIcon;
				INFOPLIST_FILE = QQMusic/Info.plist;
				LD_RUNPATH_SEARCH_PATHS = "$(inherited) @executable_path/Frameworks";
				PRODUCT_NAME = "$(TARGET_NAME)";
			};
			name = Release;
		};
		D65C45F81BA3318D00898B52 /* Debug */ = {
			isa = XCBuildConfiguration;
			buildSettings = {
				BUNDLE_LOADER = "$(TEST_HOST)";
				FRAMEWORK_SEARCH_PATHS = (
					"$(SDKROOT)/Developer/Library/Frameworks",
					"$(inherited)",
				);
				GCC_PREPROCESSOR_DEFINITIONS = (
					"DEBUG=1",
					"$(inherited)",
				);
				INFOPLIST_FILE = QQMusicTests/Info.plist;
				LD_RUNPATH_SEARCH_PATHS = "$(inherited) @executable_path/Frameworks @loader_path/Frameworks";
				PRODUCT_NAME = "$(TARGET_NAME)";
				TEST_HOST = "$(BUILT_PRODUCTS_DIR)/QQMusic.app/QQMusic";
			};
			name = Debug;
		};
		D65C45F91BA3318D00898B52 /* Release */ = {
			isa = XCBuildConfiguration;
			buildSettings = {
				BUNDLE_LOADER = "$(TEST_HOST)";
				FRAMEWORK_SEARCH_PATHS = (
					"$(SDKROOT)/Developer/Library/Frameworks",
					"$(inherited)",
				);
				INFOPLIST_FILE = QQMusicTests/Info.plist;
				LD_RUNPATH_SEARCH_PATHS = "$(inherited) @executable_path/Frameworks @loader_path/Frameworks";
				PRODUCT_NAME = "$(TARGET_NAME)";
				TEST_HOST = "$(BUILT_PRODUCTS_DIR)/QQMusic.app/QQMusic";
			};
			name = Release;
		};
/* End XCBuildConfiguration section */

/* Begin XCConfigurationList section */
		D65C45CC1BA3318D00898B52 /* Build configuration list for PBXProject "QQMusic" */ = {
			isa = XCConfigurationList;
			buildConfigurations = (
				D65C45F21BA3318D00898B52 /* Debug */,
				D65C45F31BA3318D00898B52 /* Release */,
			);
			defaultConfigurationIsVisible = 0;
			defaultConfigurationName = Release;
		};
		D65C45F41BA3318D00898B52 /* Build configuration list for PBXNativeTarget "QQMusic" */ = {
			isa = XCConfigurationList;
			buildConfigurations = (
				D65C45F51BA3318D00898B52 /* Debug */,
				D65C45F61BA3318D00898B52 /* Release */,
			);
			defaultConfigurationIsVisible = 0;
		};
		D65C45F71BA3318D00898B52 /* Build configuration list for PBXNativeTarget "QQMusicTests" */ = {
			isa = XCConfigurationList;
			buildConfigurations = (
				D65C45F81BA3318D00898B52 /* Debug */,
				D65C45F91BA3318D00898B52 /* Release */,
			);
			defaultConfigurationIsVisible = 0;
		};
/* End XCConfigurationList section */
	};
	rootObject = D65C45C91BA3318D00898B52 /* Project object */;
}
